
Microsoft Visual Studio Solution File, Format Version 12.00
# Visual Studio Version 18
VisualStudioVersion = 18.10.12210.168
MinimumVisualStudioVersion = 10.0.40219.1
Project("{FAE04EC0-301F-11D3-BF4B-00C04F79EFBC}") = "Ejudge Parser", "Ejudge Parser\Ejudge Parser.csproj", "{231BE12C-2D51-4C2F-8544-BB4C0769624E}"
EndProject
Project("{FAE04EC0-301F-11D3-BF4B-00C04F79EFBC}") = "Viewer", "Viewer\Viewer.csproj", "{9ED5BD8B-47B8-417C-87DE-0ECB5C35E9EC}"
EndProject
Project("{FAE04EC0-301F-11D3-BF4B-00C04F79EFBC}") = "CF Parser", "CF Parser\CF Parser.csproj", "{1A1E50DE-D24A-493E-A203-41877FEE015D}"
EndProject
Project("{FAE04EC0-301F-11D3-BF4B-00C04F79EFBC}") = "CopyPaster", "CopyPaster\CopyPaster.csproj", "{FA2D8AD1-BDCA-4019-99E0-65966093F243}"
EndProject
Project("{FAE04EC0-301F-11D3-BF4B-00C04F79EFBC}") = "CopyPaster2", "CopyPaster2\CopyPaster2.csproj", "{CCC6C16B-BA27-4BF2-B4C7-FE4553DAAE46}"
EndProject
Global
	GlobalSection(SolutionConfigurationPlatforms) = preSolution
		Debug|Any CPU = Debug|Any CPU
		Release|Any CPU = Release|Any CPU
	EndGlobalSection
	GlobalSection(ProjectConfigurationPlatforms) = postSolution
		{231BE12C-2D51-4C2F-8544-BB4C0769624E}.Debug|Any CPU.ActiveCfg = Debug|Any CPU
		{231BE12C-2D51-4C2F-8544-BB4C0769624E}.Debug|Any CPU.Build.0 = Debug|Any CPU
		{231BE12C-2D51-4C2F-8544-BB4C0769624E}.Release|Any CPU.ActiveCfg = Release|Any CPU
		{231BE12C-2D51-4C2F-8544-BB4C0769624E}.Release|Any CPU.Build.0 = Release|Any CPU
		{9ED5BD8B-47B8-417C-87DE-0ECB5C35E9EC}.Debug|Any CPU.ActiveCfg = Debug|Any CPU
		{9ED5BD8B-47B8-417C-87DE-0ECB5C35E9EC}.Debug|Any CPU.Build.0 = Debug|Any CPU
		{9ED5BD8B-47B8-417C-87DE-0ECB5C35E9EC}.Release|Any CPU.ActiveCfg = Release|Any CPU
		{9ED5BD8B-47B8-417C-87DE-0ECB5C35E9EC}.Release|Any CPU.Build.0 = Release|Any CPU
		{1A1E50DE-D24A-493E-A203-41877FEE015D}.Debug|Any CPU.ActiveCfg = Debug|Any CPU
		{1A1E50DE-D24A-493E-A203-41877FEE015D}.Debug|Any CPU.Build.0 = Debug|Any CPU
		{1A1E50DE-D24A-493E-A203-41877FEE015D}.Release|Any CPU.ActiveCfg = Release|Any CPU
		{1A1E50DE-D24A-493E-A203-41877FEE015D}.Release|Any CPU.Build.0 = Release|Any CPU
		{FA2D8AD1-BDCA-4019-99E0-65966093F243}.Debug|Any CPU.ActiveCfg = Debug|Any CPU
		{FA2D8AD1-BDCA-4019-99E0-65966093F243}.Debug|Any CPU.Build.0 = Debug|Any CPU
		{FA2D8AD1-BDCA-4019-99E0-65966093F243}.Release|Any CPU.ActiveCfg = Release|Any CPU
		{FA2D8AD1-BDCA-4019-99E0-65966093F243}.Release|Any CPU.Build.0 = Release|Any CPU
		{CCC6C16B-BA27-4BF2-B4C7-FE4553DAAE46}.Debug|Any CPU.ActiveCfg = Debug|Any CPU
		{CCC6C16B-BA27-4BF2-B4C7-FE4553DAAE46}.Debug|Any CPU.Build.0 = Debug|Any CPU
		{CCC6C16B-BA27-4BF2-B4C7-FE4553DAAE46}.Release|Any CPU.ActiveCfg = Release|Any CPU
		{CCC6C16B-BA27-4BF2-B4C7-FE4553DAAE46}.Release|Any CPU.Build.0 = Release|Any CPU
	EndGlobalSection
	GlobalSection(SolutionProperties) = preSolution
		HideSolutionNode = FALSE
	EndGlobalSection
	GlobalSection(ExtensibilityGlobals) = postSolution
		SolutionGuid = {5AF744CB-B1B6-4B96-A12D-3B97F41A3D84}
	EndGlobalSection
EndGlobal
